
Microsoft Visual Studio Solution File, Format Version 12.00
# Visual Studio 15
VisualStudioVersion = 15.0.28307.2092
MinimumVisualStudioVersion = 10.0.40219.1
Project("{FAE04EC0-301F-11D3-BF4B-00C04F79EFBC}") = "ex01", "ex01\ex01.csproj", "{D8913C5D-25F9-443F-B4B4-0C04EF51AEC9}"
EndProject
Project("{FAE04EC0-301F-11D3-BF4B-00C04F79EFBC}") = "ex02", "ex02\ex02.csproj", "{880DD492-CDA1-4906-B1A9-48F9570D67F6}"
EndProject
Project("{FAE04EC0-301F-11D3-BF4B-00C04F79EFBC}") = "ex03", "ex03\ex03.csproj", "{341F289C-8E74-44EA-9FC4-5AA55835162A}"
EndProject
Project("{FAE04EC0-301F-11D3-BF4B-00C04F79EFBC}") = "ex04", "ex04\ex04.csproj", "{A5D96B18-2DD8-4B9E-B9F2-DB4185502677}"
EndProject
Project("{FAE04EC0-301F-11D3-BF4B-00C04F79EFBC}") = "ex05", "ex05\ex05.csproj", "{7F44AF5C-641F-4AE6-AD69-1D575603AE17}"
EndProject
Global
	GlobalSection(SolutionConfigurationPlatforms) = preSolution
		Debug|Any CPU = Debug|Any CPU
		Release|Any CPU = Release|Any CPU
	EndGlobalSection
	GlobalSection(ProjectConfigurationPlatforms) = postSolution
		{D8913C5D-25F9-443F-B4B4-0C04EF51AEC9}.Debug|Any CPU.ActiveCfg = Debug|Any CPU
		{D8913C5D-25F9-443F-B4B4-0C04EF51AEC9}.Debug|Any CPU.Build.0 = Debug|Any CPU
		{D8913C5D-25F9-443F-B4B4-0C04EF51AEC9}.Release|Any CPU.ActiveCfg = Release|Any CPU
		{D8913C5D-25F9-443F-B4B4-0C04EF51AEC9}.Release|Any CPU.Build.0 = Release|Any CPU
		{880DD492-CDA1-4906-B1A9-48F9570D67F6}.Debug|Any CPU.ActiveCfg = Debug|Any CPU
		{880DD492-CDA1-4906-B1A9-48F9570D67F6}.Debug|Any CPU.Build.0 = Debug|Any CPU
		{880DD492-CDA1-4906-B1A9-48F9570D67F6}.Release|Any CPU.ActiveCfg = Release|Any CPU
		{880DD492-CDA1-4906-B1A9-48F9570D67F6}.Release|Any CPU.Build.0 = Release|Any CPU
		{341F289C-8E74-44EA-9FC4-5AA55835162A}.Debug|Any CPU.ActiveCfg = Debug|Any CPU
		{341F289C-8E74-44EA-9FC4-5AA55835162A}.Debug|Any CPU.Build.0 = Debug|Any CPU
		{341F289C-8E74-44EA-9FC4-5AA55835162A}.Release|Any CPU.ActiveCfg = Release|Any CPU
		{341F289C-8E74-44EA-9FC4-5AA55835162A}.Release|Any CPU.Build.0 = Release|Any CPU
		{A5D96B18-2DD8-4B9E-B9F2-DB4185502677}.Debug|Any CPU.ActiveCfg = Debug|Any CPU
		{A5D96B18-2DD8-4B9E-B9F2-DB4185502677}.Debug|Any CPU.Build.0 = Debug|Any CPU
		{A5D96B18-2DD8-4B9E-B9F2-DB4185502677}.Release|Any CPU.ActiveCfg = Release|Any CPU
		{A5D96B18-2DD8-4B9E-B9F2-DB4185502677}.Release|Any CPU.Build.0 = Release|Any CPU
		{7F44AF5C-641F-4AE6-AD69-1D575603AE17}.Debug|Any CPU.ActiveCfg = Debug|Any CPU
		{7F44AF5C-641F-4AE6-AD69-1D575603AE17}.Debug|Any CPU.Build.0 = Debug|Any CPU
		{7F44AF5C-641F-4AE6-AD69-1D575603AE17}.Release|Any CPU.ActiveCfg = Release|Any CPU
		{7F44AF5C-641F-4AE6-AD69-1D575603AE17}.Release|Any CPU.Build.0 = Release|Any CPU
	EndGlobalSection
	GlobalSection(SolutionProperties) = preSolution
		HideSolutionNode = FALSE
	EndGlobalSection
	GlobalSection(ExtensibilityGlobals) = postSolution
		SolutionGuid = {6BC74141-DC1B-491B-AA7A-87FD1266C0BB}
	EndGlobalSection
EndGlobal
